
Microsoft Visual Studio Solution File, Format Version 12.00
# Visual Studio Version 17
VisualStudioVersion = 17.3.32929.385
MinimumVisualStudioVersion = 10.0.40219.1
Project("{FAE04EC0-301F-11D3-BF4B-00C04F79EFBC}") = "loader", "loader.csproj", "{BF68DB96-E6CD-47C5-822F-461F99568744}"
EndProject
Global
	GlobalSection(SolutionConfigurationPlatforms) = preSolution
		Debug|Any CPU = Debug|Any CPU
		Release|Any CPU = Release|Any CPU
	EndGlobalSection
	GlobalSection(ProjectConfigurationPlatforms) = postSolution
		{BF68DB96-E6CD-47C5-822F-461F99568744}.Debug|Any CPU.ActiveCfg = Debug|Any CPU
		{BF68DB96-E6CD-47C5-822F-461F99568744}.Debug|Any CPU.Build.0 = Debug|Any CPU
		{BF68DB96-E6CD-47C5-822F-461F99568744}.Release|Any CPU.ActiveCfg = Release|Any CPU
		{BF68DB96-E6CD-47C5-822F-461F99568744}.Release|Any CPU.Build.0 = Release|Any CPU
	EndGlobalSection
	GlobalSection(SolutionProperties) = preSolution
		HideSolutionNode = FALSE
	EndGlobalSection
	GlobalSection(ExtensibilityGlobals) = postSolution
		SolutionGuid = {90E95F2E-D4ED-4DAF-BBA8-68C471130920}
	EndGlobalSection
EndGlobal
